// !$*UTF8*$!
{
	archiveVersion = 1;
	classes = {
	};
	objectVersion = 55;
	objects = {

/* Begin PBXBuildFile section */
		2F7E30DF2847751400A6D053 /* FavoriteButton.swift in Sources */ = {isa = PBXBuildFile; fileRef = 2F7E30DE2847751400A6D053 /* FavoriteButton.swift */; };
		2F9C7F532845BE1F00F00863 /* ModelData.swift in Sources */ = {isa = PBXBuildFile; fileRef = 2F9C7F522845BE1F00F00863 /* ModelData.swift */; };
		2F9C7F582845FB3300F00863 /* LandmarkRow.swift in Sources */ = {isa = PBXBuildFile; fileRef = 2F9C7F572845FB3300F00863 /* LandmarkRow.swift */; };
		2F9C7F5A2846071C00F00863 /* LandmarkList.swift in Sources */ = {isa = PBXBuildFile; fileRef = 2F9C7F592846071C00F00863 /* LandmarkList.swift */; };
		2F9C7F5C2846F53800F00863 /* LandmarkDetail.swift in Sources */ = {isa = PBXBuildFile; fileRef = 2F9C7F5B2846F53800F00863 /* LandmarkDetail.swift */; };
		2FB629CF28450922008F73BB /* LandmarksApp.swift in Sources */ = {isa = PBXBuildFile; fileRef = 2FB629CE28450922008F73BB /* LandmarksApp.swift */; };
		2FB629D128450922008F73BB /* ContentView.swift in Sources */ = {isa = PBXBuildFile; fileRef = 2FB629D028450922008F73BB /* ContentView.swift */; };
		2FB629D328450924008F73BB /* Assets.xcassets in Resources */ = {isa = PBXBuildFile; fileRef = 2FB629D228450924008F73BB /* Assets.xcassets */; };
		2FB629D628450924008F73BB /* Preview Assets.xcassets in Resources */ = {isa = PBXBuildFile; fileRef = 2FB629D528450924008F73BB /* Preview Assets.xcassets */; };
		2FB629DD28452555008F73BB /* CircleImage.swift in Sources */ = {isa = PBXBuildFile; fileRef = 2FB629DC28452555008F73BB /* CircleImage.swift */; };
		2FB629DF28452739008F73BB /* MapView.swift in Sources */ = {isa = PBXBuildFile; fileRef = 2FB629DE28452739008F73BB /* MapView.swift */; };
		2FB836552848A37E00CA0CFE /* HexagonParameters.swift in Sources */ = {isa = PBXBuildFile; fileRef = 2FB836542848A37E00CA0CFE /* HexagonParameters.swift */; };
		2FB836572848A59100CA0CFE /* BadgeBackground.swift in Sources */ = {isa = PBXBuildFile; fileRef = 2FB836562848A59100CA0CFE /* BadgeBackground.swift */; };
		2FB836592848B54F00CA0CFE /* BadgeSymbol.swift in Sources */ = {isa = PBXBuildFile; fileRef = 2FB836582848B54F00CA0CFE /* BadgeSymbol.swift */; };
		2FB8365B2848B66D00CA0CFE /* RotatedBadgeSymbol.swift in Sources */ = {isa = PBXBuildFile; fileRef = 2FB8365A2848B66D00CA0CFE /* RotatedBadgeSymbol.swift */; };
		2FB8365D2848B6DA00CA0CFE /* Badge.swift in Sources */ = {isa = PBXBuildFile; fileRef = 2FB8365C2848B6DA00CA0CFE /* Badge.swift */; };
		2FB836602849A25C00CA0CFE /* hikeData.json in Resources */ = {isa = PBXBuildFile; fileRef = 2FB8365F2849A25C00CA0CFE /* hikeData.json */; };
		2FB836622849A2A700CA0CFE /* Hike.swift in Sources */ = {isa = PBXBuildFile; fileRef = 2FB836612849A2A700CA0CFE /* Hike.swift */; };
		2FB836682849A6E400CA0CFE /* GraphCapsule.swift in Sources */ = {isa = PBXBuildFile; fileRef = 2FB836642849A6E400CA0CFE /* GraphCapsule.swift */; };
		2FB836692849A6E400CA0CFE /* HikeGraph.swift in Sources */ = {isa = PBXBuildFile; fileRef = 2FB836652849A6E400CA0CFE /* HikeGraph.swift */; };
		2FB8366A2849A6E400CA0CFE /* HikeDetail.swift in Sources */ = {isa = PBXBuildFile; fileRef = 2FB836662849A6E400CA0CFE /* HikeDetail.swift */; };
		2FB8366B2849A6E400CA0CFE /* HikeView.swift in Sources */ = {isa = PBXBuildFile; fileRef = 2FB836672849A6E400CA0CFE /* HikeView.swift */; };
		2FCF5EE3284B474D00E62E0B /* CategoryRow.swift in Sources */ = {isa = PBXBuildFile; fileRef = 2FCF5EE2284B474D00E62E0B /* CategoryRow.swift */; };
		2FCF5EE5284B49FB00E62E0B /* CategoryItem.swift in Sources */ = {isa = PBXBuildFile; fileRef = 2FCF5EE4284B49FB00E62E0B /* CategoryItem.swift */; };
		2FD82BA2284B11D2006EDD87 /* AnimationButton.swift in Sources */ = {isa = PBXBuildFile; fileRef = 2FD82BA1284B11D2006EDD87 /* AnimationButton.swift */; };
		2FD82BA4284B2426006EDD87 /* CategoryHome.swift in Sources */ = {isa = PBXBuildFile; fileRef = 2FD82BA3284B2426006EDD87 /* CategoryHome.swift */; };
		2FF0CC4C284546A600518404 /* landmarkData.json in Resources */ = {isa = PBXBuildFile; fileRef = 2FF0CC4B284546A600518404 /* landmarkData.json */; };
		2FF0CC4E284547BB00518404 /* Landmark.swift in Sources */ = {isa = PBXBuildFile; fileRef = 2FF0CC4D284547BB00518404 /* Landmark.swift */; };
/* End PBXBuildFile section */

/* Begin PBXFileReference section */
		2F7E30DE2847751400A6D053 /* FavoriteButton.swift */ = {isa = PBXFileReference; lastKnownFileType = sourcecode.swift; path = FavoriteButton.swift; sourceTree = "<group>"; };
		2F9C7F522845BE1F00F00863 /* ModelData.swift */ = {isa = PBXFileReference; lastKnownFileType = sourcecode.swift; path = ModelData.swift; sourceTree = "<group>"; };
		2F9C7F572845FB3300F00863 /* LandmarkRow.swift */ = {isa = PBXFileReference; lastKnownFileType = sourcecode.swift; path = LandmarkRow.swift; sourceTree = "<group>"; };
		2F9C7F592846071C00F00863 /* LandmarkList.swift */ = {isa = PBXFileReference; lastKnownFileType = sourcecode.swift; path = LandmarkList.swift; sourceTree = "<group>"; };
		2F9C7F5B2846F53800F00863 /* LandmarkDetail.swift */ = {isa = PBXFileReference; lastKnownFileType = sourcecode.swift; path = LandmarkDetail.swift; sourceTree = "<group>"; };
		2FB629CB28450922008F73BB /* Landmarks.app */ = {isa = PBXFileReference; explicitFileType = wrapper.application; includeInIndex = 0; path = Landmarks.app; sourceTree = BUILT_PRODUCTS_DIR; };
		2FB629CE28450922008F73BB /* LandmarksApp.swift */ = {isa = PBXFileReference; lastKnownFileType = sourcecode.swift; path = LandmarksApp.swift; sourceTree = "<group>"; };
		2FB629D028450922008F73BB /* ContentView.swift */ = {isa = PBXFileReference; lastKnownFileType = sourcecode.swift; path = ContentView.swift; sourceTree = "<group>"; };
		2FB629D228450924008F73BB /* Assets.xcassets */ = {isa = PBXFileReference; lastKnownFileType = folder.assetcatalog; path = Assets.xcassets; sourceTree = "<group>"; };
		2FB629D528450924008F73BB /* Preview Assets.xcassets */ = {isa = PBXFileReference; lastKnownFileType = folder.assetcatalog; path = "Preview Assets.xcassets"; sourceTree = "<group>"; };
		2FB629DC28452555008F73BB /* CircleImage.swift */ = {isa = PBXFileReference; lastKnownFileType = sourcecode.swift; path = CircleImage.swift; sourceTree = "<group>"; };
		2FB629DE28452739008F73BB /* MapView.swift */ = {isa = PBXFileReference; lastKnownFileType = sourcecode.swift; path = MapView.swift; sourceTree = "<group>"; };
		2FB836542848A37E00CA0CFE /* HexagonParameters.swift */ = {isa = PBXFileReference; lastKnownFileType = sourcecode.swift; path = HexagonParameters.swift; sourceTree = "<group>"; };
		2FB836562848A59100CA0CFE /* BadgeBackground.swift */ = {isa = PBXFileReference; lastKnownFileType = sourcecode.swift; path = BadgeBackground.swift; sourceTree = "<group>"; };
		2FB836582848B54F00CA0CFE /* BadgeSymbol.swift */ = {isa = PBXFileReference; lastKnownFileType = sourcecode.swift; path = BadgeSymbol.swift; sourceTree = "<group>"; };
		2FB8365A2848B66D00CA0CFE /* RotatedBadgeSymbol.swift */ = {isa = PBXFileReference; lastKnownFileType = sourcecode.swift; path = RotatedBadgeSymbol.swift; sourceTree = "<group>"; };
		2FB8365C2848B6DA00CA0CFE /* Badge.swift */ = {isa = PBXFileReference; lastKnownFileType = sourcecode.swift; path = Badge.swift; sourceTree = "<group>"; };
		2FB8365F2849A25C00CA0CFE /* hikeData.json */ = {isa = PBXFileReference; fileEncoding = 4; lastKnownFileType = text.json; path = hikeData.json; sourceTree = "<group>"; };
		2FB836612849A2A700CA0CFE /* Hike.swift */ = {isa = PBXFileReference; lastKnownFileType = sourcecode.swift; path = Hike.swift; sourceTree = "<group>"; };
		2FB836642849A6E400CA0CFE /* GraphCapsule.swift */ = {isa = PBXFileReference; fileEncoding = 4; lastKnownFileType = sourcecode.swift; path = GraphCapsule.swift; sourceTree = "<group>"; };
		2FB836652849A6E400CA0CFE /* HikeGraph.swift */ = {isa = PBXFileReference; fileEncoding = 4; lastKnownFileType = sourcecode.swift; path = HikeGraph.swift; sourceTree = "<group>"; };
		2FB836662849A6E400CA0CFE /* HikeDetail.swift */ = {isa = PBXFileReference; fileEncoding = 4; lastKnownFileType = sourcecode.swift; path = HikeDetail.swift; sourceTree = "<group>"; };
		2FB836672849A6E400CA0CFE /* HikeView.swift */ = {isa = PBXFileReference; fileEncoding = 4; lastKnownFileType = sourcecode.swift; path = HikeView.swift; sourceTree = "<group>"; };
		2FCF5EE2284B474D00E62E0B /* CategoryRow.swift */ = {isa = PBXFileReference; lastKnownFileType = sourcecode.swift; path = CategoryRow.swift; sourceTree = "<group>"; };
		2FCF5EE4284B49FB00E62E0B /* CategoryItem.swift */ = {isa = PBXFileReference; lastKnownFileType = sourcecode.swift; path = CategoryItem.swift; sourceTree = "<group>"; };
		2FD82BA1284B11D2006EDD87 /* AnimationButton.swift */ = {isa = PBXFileReference; lastKnownFileType = sourcecode.swift; path = AnimationButton.swift; sourceTree = "<group>"; };
		2FD82BA3284B2426006EDD87 /* CategoryHome.swift */ = {isa = PBXFileReference; lastKnownFileType = sourcecode.swift; path = CategoryHome.swift; sourceTree = "<group>"; };
		2FF0CC4B284546A600518404 /* landmarkData.json */ = {isa = PBXFileReference; fileEncoding = 4; lastKnownFileType = text.json; path = landmarkData.json; sourceTree = "<group>"; };
		2FF0CC4D284547BB00518404 /* Landmark.swift */ = {isa = PBXFileReference; lastKnownFileType = sourcecode.swift; path = Landmark.swift; sourceTree = "<group>"; };
/* End PBXFileReference section */

/* Begin PBXFrameworksBuildPhase section */
		2FB629C828450922008F73BB /* Frameworks */ = {
			isa = PBXFrameworksBuildPhase;
			buildActionMask = 2147483647;
			files = (
			);
			runOnlyForDeploymentPostprocessing = 0;
		};
/* End PBXFrameworksBuildPhase section */

/* Begin PBXGroup section */
		2F7E30E02847778000A6D053 /* Helpers */ = {
			isa = PBXGroup;
			children = (
				2FB629DC28452555008F73BB /* CircleImage.swift */,
				2FB629DE28452739008F73BB /* MapView.swift */,
				2F7E30DE2847751400A6D053 /* FavoriteButton.swift */,
			);
			path = Helpers;
			sourceTree = "<group>";
		};
		2F7E30E1284777E200A6D053 /* Landmarks */ = {
			isa = PBXGroup;
			children = (
				2F9C7F572845FB3300F00863 /* LandmarkRow.swift */,
				2F9C7F5B2846F53800F00863 /* LandmarkDetail.swift */,
				2F9C7F592846071C00F00863 /* LandmarkList.swift */,
			);
			path = Landmarks;
			sourceTree = "<group>";
		};
		2F9C7F542845FA4E00F00863 /* Views */ = {
			isa = PBXGroup;
			children = (
				2FB629D028450922008F73BB /* ContentView.swift */,
				2FD82BA0284B11AC006EDD87 /* AnimationButton */,
				2FB836632849A6E400CA0CFE /* Hikes */,
				2FB8365E2848B88D00CA0CFE /* Badges */,
				2F7E30E1284777E200A6D053 /* Landmarks */,
				2F7E30E02847778000A6D053 /* Helpers */,
				2FD82BA5284B2434006EDD87 /* Category */,
			);
			path = Views;
			sourceTree = "<group>";
		};
		2F9C7F552845FA9600F00863 /* Model */ = {
			isa = PBXGroup;
			children = (
				2FB836612849A2A700CA0CFE /* Hike.swift */,
				2FF0CC4D284547BB00518404 /* Landmark.swift */,
				2F9C7F522845BE1F00F00863 /* ModelData.swift */,
			);
			path = Model;
			sourceTree = "<group>";
		};
		2F9C7F562845FAAB00F00863 /* Resources */ = {
			isa = PBXGroup;
			children = (
				2FF0CC4B284546A600518404 /* landmarkData.json */,
				2FB8365F2849A25C00CA0CFE /* hikeData.json */,
			);
			path = Resources;
			sourceTree = "<group>";
		};
		2FB629C228450922008F73BB = {
			isa = PBXGroup;
			children = (
				2FB629CD28450922008F73BB /* Landmarks */,
				2FB629CC28450922008F73BB /* Products */,
			);
			sourceTree = "<group>";
		};
		2FB629CC28450922008F73BB /* Products */ = {
			isa = PBXGroup;
			children = (
				2FB629CB28450922008F73BB /* Landmarks.app */,
			);
			name = Products;
			sourceTree = "<group>";
		};
		2FB629CD28450922008F73BB /* Landmarks */ = {
			isa = PBXGroup;
			children = (
				2FB629CE28450922008F73BB /* LandmarksApp.swift */,
				2FB629D228450924008F73BB /* Assets.xcassets */,
				2F9C7F542845FA4E00F00863 /* Views */,
				2F9C7F552845FA9600F00863 /* Model */,
				2F9C7F562845FAAB00F00863 /* Resources */,
				2FB629D428450924008F73BB /* Preview Content */,
			);
			path = Landmarks;
			sourceTree = "<group>";
		};
		2FB629D428450924008F73BB /* Preview Content */ = {
			isa = PBXGroup;
			children = (
				2FB629D528450924008F73BB /* Preview Assets.xcassets */,
			);
			path = "Preview Content";
			sourceTree = "<group>";
		};
		2FB8365E2848B88D00CA0CFE /* Badges */ = {
			isa = PBXGroup;
			children = (
				2FB836542848A37E00CA0CFE /* HexagonParameters.swift */,
				2FB836562848A59100CA0CFE /* BadgeBackground.swift */,
				2FB836582848B54F00CA0CFE /* BadgeSymbol.swift */,
				2FB8365A2848B66D00CA0CFE /* RotatedBadgeSymbol.swift */,
				2FB8365C2848B6DA00CA0CFE /* Badge.swift */,
			);
			path = Badges;
			sourceTree = "<group>";
		};
		2FB836632849A6E400CA0CFE /* Hikes */ = {
			isa = PBXGroup;
			children = (
				2FB836642849A6E400CA0CFE /* GraphCapsule.swift */,
				2FB836652849A6E400CA0CFE /* HikeGraph.swift */,
				2FB836662849A6E400CA0CFE /* HikeDetail.swift */,
				2FB836672849A6E400CA0CFE /* HikeView.swift */,
			);
			path = Hikes;
			sourceTree = "<group>";
		};
		2FD82BA0284B11AC006EDD87 /* AnimationButton */ = {
			isa = PBXGroup;
			children = (
				2FD82BA1284B11D2006EDD87 /* AnimationButton.swift */,
			);
			path = AnimationButton;
			sourceTree = "<group>";
		};
		2FD82BA5284B2434006EDD87 /* Category */ = {
			isa = PBXGroup;
			children = (
				2FD82BA3284B2426006EDD87 /* CategoryHome.swift */,
				2FCF5EE2284B474D00E62E0B /* CategoryRow.swift */,
				2FCF5EE4284B49FB00E62E0B /* CategoryItem.swift */,
			);
			path = Category;
			sourceTree = "<group>";
		};
/* End PBXGroup section */

/* Begin PBXNativeTarget section */
		2FB629CA28450922008F73BB /* Landmarks */ = {
			isa = PBXNativeTarget;
			buildConfigurationList = 2FB629D928450924008F73BB /* Build configuration list for PBXNativeTarget "Landmarks" */;
			buildPhases = (
				2FB629C728450922008F73BB /* Sources */,
				2FB629C828450922008F73BB /* Frameworks */,
				2FB629C928450922008F73BB /* Resources */,
			);
			buildRules = (
			);
			dependencies = (
			);
			name = Landmarks;
			productName = Landmarks2;
			productReference = 2FB629CB28450922008F73BB /* Landmarks.app */;
			productType = "com.apple.product-type.application";
		};
/* End PBXNativeTarget section */

/* Begin PBXProject section */
		2FB629C328450922008F73BB /* Project object */ = {
			isa = PBXProject;
			attributes = {
				BuildIndependentTargetsInParallel = 1;
				LastSwiftUpdateCheck = 1330;
				LastUpgradeCheck = 1330;
				TargetAttributes = {
					2FB629CA28450922008F73BB = {
						CreatedOnToolsVersion = 13.3.1;
					};
				};
			};
			buildConfigurationList = 2FB629C628450922008F73BB /* Build configuration list for PBXProject "Landmarks" */;
			compatibilityVersion = "Xcode 13.0";
			developmentRegion = en;
			hasScannedForEncodings = 0;
			knownRegions = (
				en,
				Base,
			);
			mainGroup = 2FB629C228450922008F73BB;
			productRefGroup = 2FB629CC28450922008F73BB /* Products */;
			projectDirPath = "";
			projectRoot = "";
			targets = (
				2FB629CA28450922008F73BB /* Landmarks */,
			);
		};
/* End PBXProject section */

/* Begin PBXResourcesBuildPhase section */
		2FB629C928450922008F73BB /* Resources */ = {
			isa = PBXResourcesBuildPhase;
			buildActionMask = 2147483647;
			files = (
				2FB836602849A25C00CA0CFE /* hikeData.json in Resources */,
				2FB629D628450924008F73BB /* Preview Assets.xcassets in Resources */,
				2FB629D328450924008F73BB /* Assets.xcassets in Resources */,
				2FF0CC4C284546A600518404 /* landmarkData.json in Resources */,
			);
			runOnlyForDeploymentPostprocessing = 0;
		};
/* End PBXResourcesBuildPhase section */

/* Begin PBXSourcesBuildPhase section */
		2FB629C728450922008F73BB /* Sources */ = {
			isa = PBXSourcesBuildPhase;
			buildActionMask = 2147483647;
			files = (
				2FB629D128450922008F73BB /* ContentView.swift in Sources */,
				2FB836692849A6E400CA0CFE /* HikeGraph.swift in Sources */,
				2FB8365D2848B6DA00CA0CFE /* Badge.swift in Sources */,
				2FB629DF28452739008F73BB /* MapView.swift in Sources */,
				2FB836682849A6E400CA0CFE /* GraphCapsule.swift in Sources */,
				2FB629CF28450922008F73BB /* LandmarksApp.swift in Sources */,
				2FCF5EE3284B474D00E62E0B /* CategoryRow.swift in Sources */,
				2F7E30DF2847751400A6D053 /* FavoriteButton.swift in Sources */,
				2FB8366A2849A6E400CA0CFE /* HikeDetail.swift in Sources */,
				2FB836552848A37E00CA0CFE /* HexagonParameters.swift in Sources */,
				2FCF5EE5284B49FB00E62E0B /* CategoryItem.swift in Sources */,
				2FD82BA2284B11D2006EDD87 /* AnimationButton.swift in Sources */,
				2FB836622849A2A700CA0CFE /* Hike.swift in Sources */,
				2FB8365B2848B66D00CA0CFE /* RotatedBadgeSymbol.swift in Sources */,
				2FB836592848B54F00CA0CFE /* BadgeSymbol.swift in Sources */,
				2F9C7F5A2846071C00F00863 /* LandmarkList.swift in Sources */,
				2FB8366B2849A6E400CA0CFE /* HikeView.swift in Sources */,
				2F9C7F5C2846F53800F00863 /* LandmarkDetail.swift in Sources */,
				2FD82BA4284B2426006EDD87 /* CategoryHome.swift in Sources */,
				2FB836572848A59100CA0CFE /* BadgeBackground.swift in Sources */,
				2FB629DD28452555008F73BB /* CircleImage.swift in Sources */,
				2FF0CC4E284547BB00518404 /* Landmark.swift in Sources */,
				2F9C7F582845FB3300F00863 /* LandmarkRow.swift in Sources */,
				2F9C7F532845BE1F00F00863 /* ModelData.swift in Sources */,
			);
			runOnlyForDeploymentPostprocessing = 0;
		};
/* End PBXSourcesBuildPhase section */

/* Begin XCBuildConfiguration section */
		2FB629D728450924008F73BB /* Debug */ = {
			isa = XCBuildConfiguration;
			buildSettings = {
				ALWAYS_SEARCH_USER_PATHS = NO;
				CLANG_ANALYZER_NONNULL = YES;
				CLANG_ANALYZER_NUMBER_OBJECT_CONVERSION = YES_AGGRESSIVE;
				CLANG_CXX_LANGUAGE_STANDARD = "gnu++17";
				CLANG_ENABLE_MODULES = YES;
				CLANG_ENABLE_OBJC_ARC = YES;
				CLANG_ENABLE_OBJC_WEAK = YES;
				CLANG_WARN_BLOCK_CAPTURE_AUTORELEASING = YES;
				CLANG_WARN_BOOL_CONVERSION = YES;
				CLANG_WARN_COMMA = YES;
				CLANG_WARN_CONSTANT_CONVERSION = YES;
				CLANG_WARN_DEPRECATED_OBJC_IMPLEMENTATIONS = YES;
				CLANG_WARN_DIRECT_OBJC_ISA_USAGE = YES_ERROR;
				CLANG_WARN_DOCUMENTATION_COMMENTS = YES;
				CLANG_WARN_EMPTY_BODY = YES;
				CLANG_WARN_ENUM_CONVERSION = YES;
				CLANG_WARN_INFINITE_RECURSION = YES;
				CLANG_WARN_INT_CONVERSION = YES;
				CLANG_WARN_NON_LITERAL_NULL_CONVERSION = YES;
				CLANG_WARN_OBJC_IMPLICIT_RETAIN_SELF = YES;
				CLANG_WARN_OBJC_LITERAL_CONVERSION = YES;
				CLANG_WARN_OBJC_ROOT_CLASS = YES_ERROR;
				CLANG_WARN_QUOTED_INCLUDE_IN_FRAMEWORK_HEADER = YES;
				CLANG_WARN_RANGE_LOOP_ANALYSIS = YES;
				CLANG_WARN_STRICT_PROTOTYPES = YES;
				CLANG_WARN_SUSPICIOUS_MOVE = YES;
				CLANG_WARN_UNGUARDED_AVAILABILITY = YES_AGGRESSIVE;
				CLANG_WARN_UNREACHABLE_CODE = YES;
				CLANG_WARN__DUPLICATE_METHOD_MATCH = YES;
				COPY_PHASE_STRIP = NO;
				DEBUG_INFORMATION_FORMAT = dwarf;
				ENABLE_STRICT_OBJC_MSGSEND = YES;
				ENABLE_TESTABILITY = YES;
				GCC_C_LANGUAGE_STANDARD = gnu11;
				GCC_DYNAMIC_NO_PIC = NO;
				GCC_NO_COMMON_BLOCKS = YES;
				GCC_OPTIMIZATION_LEVEL = 0;
				GCC_PREPROCESSOR_DEFINITIONS = (
					"DEBUG=1",
					"$(inherited)",
				);
				GCC_WARN_64_TO_32_BIT_CONVERSION = YES;
				GCC_WARN_ABOUT_RETURN_TYPE = YES_ERROR;
				GCC_WARN_UNDECLARED_SELECTOR = YES;
				GCC_WARN_UNINITIALIZED_AUTOS = YES_AGGRESSIVE;
				GCC_WARN_UNUSED_FUNCTION = YES;
				GCC_WARN_UNUSED_VARIABLE = YES;
				IPHONEOS_DEPLOYMENT_TARGET = 15.4;
				MTL_ENABLE_DEBUG_INFO = INCLUDE_SOURCE;
				MTL_FAST_MATH = YES;
				ONLY_ACTIVE_ARCH = YES;
				SDKROOT = iphoneos;
				SWIFT_ACTIVE_COMPILATION_CONDITIONS = DEBUG;
				SWIFT_OPTIMIZATION_LEVEL = "-Onone";
			};
			name = Debug;
		};
		2FB629D828450924008F73BB /* Release */ = {
			isa = XCBuildConfiguration;
			buildSettings = {
				ALWAYS_SEARCH_USER_PATHS = NO;
				CLANG_ANALYZER_NONNULL = YES;
				CLANG_ANALYZER_NUMBER_OBJECT_CONVERSION = YES_AGGRESSIVE;
				CLANG_CXX_LANGUAGE_STANDARD = "gnu++17";
				CLANG_ENABLE_MODULES = YES;
				CLANG_ENABLE_OBJC_ARC = YES;
				CLANG_ENABLE_OBJC_WEAK = YES;
				CLANG_WARN_BLOCK_CAPTURE_AUTORELEASING = YES;
				CLANG_WARN_BOOL_CONVERSION = YES;
				CLANG_WARN_COMMA = YES;
				CLANG_WARN_CONSTANT_CONVERSION = YES;
				CLANG_WARN_DEPRECATED_OBJC_IMPLEMENTATIONS = YES;
				CLANG_WARN_DIRECT_OBJC_ISA_USAGE = YES_ERROR;
				CLANG_WARN_DOCUMENTATION_COMMENTS = YES;
				CLANG_WARN_EMPTY_BODY = YES;
				CLANG_WARN_ENUM_CONVERSION = YES;
				CLANG_WARN_INFINITE_RECURSION = YES;
				CLANG_WARN_INT_CONVERSION = YES;
				CLANG_WARN_NON_LITERAL_NULL_CONVERSION = YES;
				CLANG_WARN_OBJC_IMPLICIT_RETAIN_SELF = YES;
				CLANG_WARN_OBJC_LITERAL_CONVERSION = YES;
				CLANG_WARN_OBJC_ROOT_CLASS = YES_ERROR;
				CLANG_WARN_QUOTED_INCLUDE_IN_FRAMEWORK_HEADER = YES;
				CLANG_WARN_RANGE_LOOP_ANALYSIS = YES;
				CLANG_WARN_STRICT_PROTOTYPES = YES;
				CLANG_WARN_SUSPICIOUS_MOVE = YES;
				CLANG_WARN_UNGUARDED_AVAILABILITY = YES_AGGRESSIVE;
				CLANG_WARN_UNREACHABLE_CODE = YES;
				CLANG_WARN__DUPLICATE_METHOD_MATCH = YES;
				COPY_PHASE_STRIP = NO;
				DEBUG_INFORMATION_FORMAT = "dwarf-with-dsym";
				ENABLE_NS_ASSERTIONS = NO;
				ENABLE_STRICT_OBJC_MSGSEND = YES;
				GCC_C_LANGUAGE_STANDARD = gnu11;
				GCC_NO_COMMON_BLOCKS = YES;
				GCC_WARN_64_TO_32_BIT_CONVERSION = YES;
				GCC_WARN_ABOUT_RETURN_TYPE = YES_ERROR;
				GCC_WARN_UNDECLARED_SELECTOR = YES;
				GCC_WARN_UNINITIALIZED_AUTOS = YES_AGGRESSIVE;
				GCC_WARN_UNUSED_FUNCTION = YES;
				GCC_WARN_UNUSED_VARIABLE = YES;
				IPHONEOS_DEPLOYMENT_TARGET = 15.4;
				MTL_ENABLE_DEBUG_INFO = NO;
				MTL_FAST_MATH = YES;
				SDKROOT = iphoneos;
				SWIFT_COMPILATION_MODE = wholemodule;
				SWIFT_OPTIMIZATION_LEVEL = "-O";
				VALIDATE_PRODUCT = YES;
			};
			name = Release;
		};
		2FB629DA28450924008F73BB /* Debug */ = {
			isa = XCBuildConfiguration;
			buildSettings = {
				ASSETCATALOG_COMPILER_APPICON_NAME = AppIcon;
				ASSETCATALOG_COMPILER_GLOBAL_ACCENT_COLOR_NAME = AccentColor;
				CODE_SIGN_STYLE = Automatic;
				CURRENT_PROJECT_VERSION = 1;
				DEVELOPMENT_ASSET_PATHS = "\"Landmarks/Preview Content\"";
				DEVELOPMENT_TEAM = H8B5NZQ92W;
				ENABLE_PREVIEWS = YES;
				GENERATE_INFOPLIST_FILE = YES;
				INFOPLIST_KEY_UIApplicationSceneManifest_Generation = YES;
				INFOPLIST_KEY_UIApplicationSupportsIndirectInputEvents = YES;
				INFOPLIST_KEY_UILaunchScreen_Generation = YES;
				INFOPLIST_KEY_UISupportedInterfaceOrientations_iPad = "UIInterfaceOrientationPortrait UIInterfaceOrientationPortraitUpsideDown UIInterfaceOrientationLandscapeLeft UIInterfaceOrientationLandscapeRight";
				INFOPLIST_KEY_UISupportedInterfaceOrientations_iPhone = "UIInterfaceOrientationPortrait UIInterfaceOrientationLandscapeLeft UIInterfaceOrientationLandscapeRight";
				IPHONEOS_DEPLOYMENT_TARGET = 15.4;
				LD_RUNPATH_SEARCH_PATHS = (
					"$(inherited)",
					"@executable_path/Frameworks",
				);
				MARKETING_VERSION = 1.0;
				PRODUCT_BUNDLE_IDENTIFIER = com.hackzfy.Landmarks;
				PRODUCT_NAME = "$(TARGET_NAME)";
				SWIFT_EMIT_LOC_STRINGS = YES;
				SWIFT_VERSION = 5.0;
				TARGETED_DEVICE_FAMILY = "1,2";
			};
			name = Debug;
		};
		2FB629DB28450924008F73BB /* Release */ = {
			isa = XCBuildConfiguration;
			buildSettings = {
				ASSETCATALOG_COMPILER_APPICON_NAME = AppIcon;
				ASSETCATALOG_COMPILER_GLOBAL_ACCENT_COLOR_NAME = AccentColor;
				CODE_SIGN_STYLE = Automatic;
				CURRENT_PROJECT_VERSION = 1;
				DEVELOPMENT_ASSET_PATHS = "\"Landmarks/Preview Content\"";
				DEVELOPMENT_TEAM = H8B5NZQ92W;
				ENABLE_PREVIEWS = YES;
				GENERATE_INFOPLIST_FILE = YES;
				INFOPLIST_KEY_UIApplicationSceneManifest_Generation = YES;
				INFOPLIST_KEY_UIApplicationSupportsIndirectInputEvents = YES;
				INFOPLIST_KEY_UILaunchScreen_Generation = YES;
				INFOPLIST_KEY_UISupportedInterfaceOrientations_iPad = "UIInterfaceOrientationPortrait UIInterfaceOrientationPortraitUpsideDown UIInterfaceOrientationLandscapeLeft UIInterfaceOrientationLandscapeRight";
				INFOPLIST_KEY_UISupportedInterfaceOrientations_iPhone = "UIInterfaceOrientationPortrait UIInterfaceOrientationLandscapeLeft UIInterfaceOrientationLandscapeRight";
				IPHONEOS_DEPLOYMENT_TARGET = 15.4;
				LD_RUNPATH_SEARCH_PATHS = (
					"$(inherited)",
					"@executable_path/Frameworks",
				);
				MARKETING_VERSION = 1.0;
				PRODUCT_BUNDLE_IDENTIFIER = com.hackzfy.Landmarks;
				PRODUCT_NAME = "$(TARGET_NAME)";
				SWIFT_EMIT_LOC_STRINGS = YES;
				SWIFT_VERSION = 5.0;
				TARGETED_DEVICE_FAMILY = "1,2";
			};
			name = Release;
		};
/* End XCBuildConfiguration section */

/* Begin XCConfigurationList section */
		2FB629C628450922008F73BB /* Build configuration list for PBXProject "Landmarks" */ = {
			isa = XCConfigurationList;
			buildConfigurations = (
				2FB629D728450924008F73BB /* Debug */,
				2FB629D828450924008F73BB /* Release */,
			);
			defaultConfigurationIsVisible = 0;
			defaultConfigurationName = Release;
		};
		2FB629D928450924008F73BB /* Build configuration list for PBXNativeTarget "Landmarks" */ = {
			isa = XCConfigurationList;
			buildConfigurations = (
				2FB629DA28450924008F73BB /* Debug */,
				2FB629DB28450924008F73BB /* Release */,
			);
			defaultConfigurationIsVisible = 0;
			defaultConfigurationName = Release;
		};
/* End XCConfigurationList section */
	};
	rootObject = 2FB629C328450922008F73BB /* Project object */;
}
